// !$*UTF8*$!
{
	archiveVersion = 1;
	classes = {
	};
	objectVersion = 56;
	objects = {

/* Begin PBXBuildFile section */
		6D51F14528F076BB00CADC63 /* AppDelegate.swift in Sources */ = {isa = PBXBuildFile; fileRef = 6D51F14428F076BB00CADC63 /* AppDelegate.swift */; };
		6D51F14728F076BB00CADC63 /* SceneDelegate.swift in Sources */ = {isa = PBXBuildFile; fileRef = 6D51F14628F076BB00CADC63 /* SceneDelegate.swift */; };
		6D51F14928F076BB00CADC63 /* ViewController.swift in Sources */ = {isa = PBXBuildFile; fileRef = 6D51F14828F076BB00CADC63 /* ViewController.swift */; };
		6D51F14C28F076BB00CADC63 /* Main.storyboard in Resources */ = {isa = PBXBuildFile; fileRef = 6D51F14A28F076BB00CADC63 /* Main.storyboard */; };
		6D51F14E28F076BC00CADC63 /* Assets.xcassets in Resources */ = {isa = PBXBuildFile; fileRef = 6D51F14D28F076BC00CADC63 /* Assets.xcassets */; };
		6D51F15128F076BC00CADC63 /* LaunchScreen.storyboard in Resources */ = {isa = PBXBuildFile; fileRef = 6D51F14F28F076BC00CADC63 /* LaunchScreen.storyboard */; };
		6D51F15C28F076BC00CADC63 /* PopupAnimationTests.swift in Sources */ = {isa = PBXBuildFile; fileRef = 6D51F15B28F076BC00CADC63 /* PopupAnimationTests.swift */; };
		6D51F16628F076BC00CADC63 /* PopupAnimationUITests.swift in Sources */ = {isa = PBXBuildFile; fileRef = 6D51F16528F076BC00CADC63 /* PopupAnimationUITests.swift */; };
		6D51F16828F076BC00CADC63 /* PopupAnimationUITestsLaunchTests.swift in Sources */ = {isa = PBXBuildFile; fileRef = 6D51F16728F076BC00CADC63 /* PopupAnimationUITestsLaunchTests.swift */; };
/* End PBXBuildFile section */

/* Begin PBXContainerItemProxy section */
		6D51F15828F076BC00CADC63 /* PBXContainerItemProxy */ = {
			isa = PBXContainerItemProxy;
			containerPortal = 6D51F13928F076BB00CADC63 /* Project object */;
			proxyType = 1;
			remoteGlobalIDString = 6D51F14028F076BB00CADC63;
			remoteInfo = PopupAnimation;
		};
		6D51F16228F076BC00CADC63 /* PBXContainerItemProxy */ = {
			isa = PBXContainerItemProxy;
			containerPortal = 6D51F13928F076BB00CADC63 /* Project object */;
			proxyType = 1;
			remoteGlobalIDString = 6D51F14028F076BB00CADC63;
			remoteInfo = PopupAnimation;
		};
/* End PBXContainerItemProxy section */

/* Begin PBXFileReference section */
		6D51F14128F076BB00CADC63 /* PopupAnimation.app */ = {isa = PBXFileReference; explicitFileType = wrapper.application; includeInIndex = 0; path = PopupAnimation.app; sourceTree = BUILT_PRODUCTS_DIR; };
		6D51F14428F076BB00CADC63 /* AppDelegate.swift */ = {isa = PBXFileReference; lastKnownFileType = sourcecode.swift; path = AppDelegate.swift; sourceTree = "<group>"; };
		6D51F14628F076BB00CADC63 /* SceneDelegate.swift */ = {isa = PBXFileReference; lastKnownFileType = sourcecode.swift; path = SceneDelegate.swift; sourceTree = "<group>"; };
		6D51F14828F076BB00CADC63 /* ViewController.swift */ = {isa = PBXFileReference; lastKnownFileType = sourcecode.swift; path = ViewController.swift; sourceTree = "<group>"; };
		6D51F14B28F076BB00CADC63 /* Base */ = {isa = PBXFileReference; lastKnownFileType = file.storyboard; name = Base; path = Base.lproj/Main.storyboard; sourceTree = "<group>"; };
		6D51F14D28F076BC00CADC63 /* Assets.xcassets */ = {isa = PBXFileReference; lastKnownFileType = folder.assetcatalog; path = Assets.xcassets; sourceTree = "<group>"; };
		6D51F15028F076BC00CADC63 /* Base */ = {isa = PBXFileReference; lastKnownFileType = file.storyboard; name = Base; path = Base.lproj/LaunchScreen.storyboard; sourceTree = "<group>"; };
		6D51F15228F076BC00CADC63 /* Info.plist */ = {isa = PBXFileReference; lastKnownFileType = text.plist.xml; path = Info.plist; sourceTree = "<group>"; };
		6D51F15728F076BC00CADC63 /* PopupAnimationTests.xctest */ = {isa = PBXFileReference; explicitFileType = wrapper.cfbundle; includeInIndex = 0; path = PopupAnimationTests.xctest; sourceTree = BUILT_PRODUCTS_DIR; };
		6D51F15B28F076BC00CADC63 /* PopupAnimationTests.swift */ = {isa = PBXFileReference; lastKnownFileType = sourcecode.swift; path = PopupAnimationTests.swift; sourceTree = "<group>"; };
		6D51F16128F076BC00CADC63 /* PopupAnimationUITests.xctest */ = {isa = PBXFileReference; explicitFileType = wrapper.cfbundle; includeInIndex = 0; path = PopupAnimationUITests.xctest; sourceTree = BUILT_PRODUCTS_DIR; };
		6D51F16528F076BC00CADC63 /* PopupAnimationUITests.swift */ = {isa = PBXFileReference; lastKnownFileType = sourcecode.swift; path = PopupAnimationUITests.swift; sourceTree = "<group>"; };
		6D51F16728F076BC00CADC63 /* PopupAnimationUITestsLaunchTests.swift */ = {isa = PBXFileReference; lastKnownFileType = sourcecode.swift; path = PopupAnimationUITestsLaunchTests.swift; sourceTree = "<group>"; };
/* End PBXFileReference section */

/* Begin PBXFrameworksBuildPhase section */
		6D51F13E28F076BB00CADC63 /* Frameworks */ = {
			isa = PBXFrameworksBuildPhase;
			buildActionMask = 2147483647;
			files = (
			);
			runOnlyForDeploymentPostprocessing = 0;
		};
		6D51F15428F076BC00CADC63 /* Frameworks */ = {
			isa = PBXFrameworksBuildPhase;
			buildActionMask = 2147483647;
			files = (
			);
			runOnlyForDeploymentPostprocessing = 0;
		};
		6D51F15E28F076BC00CADC63 /* Frameworks */ = {
			isa = PBXFrameworksBuildPhase;
			buildActionMask = 2147483647;
			files = (
			);
			runOnlyForDeploymentPostprocessing = 0;
		};
/* End PBXFrameworksBuildPhase section */

/* Begin PBXGroup section */
		6D51F13828F076BB00CADC63 = {
			isa = PBXGroup;
			children = (
				6D51F14328F076BB00CADC63 /* PopupAnimation */,
				6D51F15A28F076BC00CADC63 /* PopupAnimationTests */,
				6D51F16428F076BC00CADC63 /* PopupAnimationUITests */,
				6D51F14228F076BB00CADC63 /* Products */,
			);
			sourceTree = "<group>";
		};
		6D51F14228F076BB00CADC63 /* Products */ = {
			isa = PBXGroup;
			children = (
				6D51F14128F076BB00CADC63 /* PopupAnimation.app */,
				6D51F15728F076BC00CADC63 /* PopupAnimationTests.xctest */,
				6D51F16128F076BC00CADC63 /* PopupAnimationUITests.xctest */,
			);
			name = Products;
			sourceTree = "<group>";
		};
		6D51F14328F076BB00CADC63 /* PopupAnimation */ = {
			isa = PBXGroup;
			children = (
				6D51F14428F076BB00CADC63 /* AppDelegate.swift */,
				6D51F14628F076BB00CADC63 /* SceneDelegate.swift */,
				6D51F14828F076BB00CADC63 /* ViewController.swift */,
				6D51F14A28F076BB00CADC63 /* Main.storyboard */,
				6D51F14D28F076BC00CADC63 /* Assets.xcassets */,
				6D51F14F28F076BC00CADC63 /* LaunchScreen.storyboard */,
				6D51F15228F076BC00CADC63 /* Info.plist */,
			);
			path = PopupAnimation;
			sourceTree = "<group>";
		};
		6D51F15A28F076BC00CADC63 /* PopupAnimationTests */ = {
			isa = PBXGroup;
			children = (
				6D51F15B28F076BC00CADC63 /* PopupAnimationTests.swift */,
			);
			path = PopupAnimationTests;
			sourceTree = "<group>";
		};
		6D51F16428F076BC00CADC63 /* PopupAnimationUITests */ = {
			isa = PBXGroup;
			children = (
				6D51F16528F076BC00CADC63 /* PopupAnimationUITests.swift */,
				6D51F16728F076BC00CADC63 /* PopupAnimationUITestsLaunchTests.swift */,
			);
			path = PopupAnimationUITests;
			sourceTree = "<group>";
		};
/* End PBXGroup section */

/* Begin PBXNativeTarget section */
		6D51F14028F076BB00CADC63 /* PopupAnimation */ = {
			isa = PBXNativeTarget;
			buildConfigurationList = 6D51F16B28F076BC00CADC63 /* Build configuration list for PBXNativeTarget "PopupAnimation" */;
			buildPhases = (
				6D51F13D28F076BB00CADC63 /* Sources */,
				6D51F13E28F076BB00CADC63 /* Frameworks */,
				6D51F13F28F076BB00CADC63 /* Resources */,
			);
			buildRules = (
			);
			dependencies = (
			);
			name = PopupAnimation;
			productName = PopupAnimation;
			productReference = 6D51F14128F076BB00CADC63 /* PopupAnimation.app */;
			productType = "com.apple.product-type.application";
		};
		6D51F15628F076BC00CADC63 /* PopupAnimationTests */ = {
			isa = PBXNativeTarget;
			buildConfigurationList = 6D51F16E28F076BC00CADC63 /* Build configuration list for PBXNativeTarget "PopupAnimationTests" */;
			buildPhases = (
				6D51F15328F076BC00CADC63 /* Sources */,
				6D51F15428F076BC00CADC63 /* Frameworks */,
				6D51F15528F076BC00CADC63 /* Resources */,
			);
			buildRules = (
			);
			dependencies = (
				6D51F15928F076BC00CADC63 /* PBXTargetDependency */,
			);
			name = PopupAnimationTests;
			productName = PopupAnimationTests;
			productReference = 6D51F15728F076BC00CADC63 /* PopupAnimationTests.xctest */;
			productType = "com.apple.product-type.bundle.unit-test";
		};
		6D51F16028F076BC00CADC63 /* PopupAnimationUITests */ = {
			isa = PBXNativeTarget;
			buildConfigurationList = 6D51F17128F076BC00CADC63 /* Build configuration list for PBXNativeTarget "PopupAnimationUITests" */;
			buildPhases = (
				6D51F15D28F076BC00CADC63 /* Sources */,
				6D51F15E28F076BC00CADC63 /* Frameworks */,
				6D51F15F28F076BC00CADC63 /* Resources */,
			);
			buildRules = (
			);
			dependencies = (
				6D51F16328F076BC00CADC63 /* PBXTargetDependency */,
			);
			name = PopupAnimationUITests;
			productName = PopupAnimationUITests;
			productReference = 6D51F16128F076BC00CADC63 /* PopupAnimationUITests.xctest */;
			productType = "com.apple.product-type.bundle.ui-testing";
		};
/* End PBXNativeTarget section */

/* Begin PBXProject section */
		6D51F13928F076BB00CADC63 /* Project object */ = {
			isa = PBXProject;
			attributes = {
				BuildIndependentTargetsInParallel = 1;
				LastSwiftUpdateCheck = 1400;
				LastUpgradeCheck = 1400;
				TargetAttributes = {
					6D51F14028F076BB00CADC63 = {
						CreatedOnToolsVersion = 14.0;
					};
					6D51F15628F076BC00CADC63 = {
						CreatedOnToolsVersion = 14.0;
						TestTargetID = 6D51F14028F076BB00CADC63;
					};
					6D51F16028F076BC00CADC63 = {
						CreatedOnToolsVersion = 14.0;
						TestTargetID = 6D51F14028F076BB00CADC63;
					};
				};
			};
			buildConfigurationList = 6D51F13C28F076BB00CADC63 /* Build configuration list for PBXProject "PopupAnimation" */;
			compatibilityVersion = "Xcode 14.0";
			developmentRegion = en;
			hasScannedForEncodings = 0;
			knownRegions = (
				en,
				Base,
			);
			mainGroup = 6D51F13828F076BB00CADC63;
			productRefGroup = 6D51F14228F076BB00CADC63 /* Products */;
			projectDirPath = "";
			projectRoot = "";
			targets = (
				6D51F14028F076BB00CADC63 /* PopupAnimation */,
				6D51F15628F076BC00CADC63 /* PopupAnimationTests */,
				6D51F16028F076BC00CADC63 /* PopupAnimationUITests */,
			);
		};
/* End PBXProject section */

/* Begin PBXResourcesBuildPhase section */
		6D51F13F28F076BB00CADC63 /* Resources */ = {
			isa = PBXResourcesBuildPhase;
			buildActionMask = 2147483647;
			files = (
				6D51F15128F076BC00CADC63 /* LaunchScreen.storyboard in Resources */,
				6D51F14E28F076BC00CADC63 /* Assets.xcassets in Resources */,
				6D51F14C28F076BB00CADC63 /* Main.storyboard in Resources */,
			);
			runOnlyForDeploymentPostprocessing = 0;
		};
		6D51F15528F076BC00CADC63 /* Resources */ = {
			isa = PBXResourcesBuildPhase;
			buildActionMask = 2147483647;
			files = (
			);
			runOnlyForDeploymentPostprocessing = 0;
		};
		6D51F15F28F076BC00CADC63 /* Resources */ = {
			isa = PBXResourcesBuildPhase;
			buildActionMask = 2147483647;
			files = (
			);
			runOnlyForDeploymentPostprocessing = 0;
		};
/* End PBXResourcesBuildPhase section */

/* Begin PBXSourcesBuildPhase section */
		6D51F13D28F076BB00CADC63 /* Sources */ = {
			isa = PBXSourcesBuildPhase;
			buildActionMask = 2147483647;
			files = (
				6D51F14928F076BB00CADC63 /* ViewController.swift in Sources */,
				6D51F14528F076BB00CADC63 /* AppDelegate.swift in Sources */,
				6D51F14728F076BB00CADC63 /* SceneDelegate.swift in Sources */,
			);
			runOnlyForDeploymentPostprocessing = 0;
		};
		6D51F15328F076BC00CADC63 /* Sources */ = {
			isa = PBXSourcesBuildPhase;
			buildActionMask = 2147483647;
			files = (
				6D51F15C28F076BC00CADC63 /* PopupAnimationTests.swift in Sources */,
			);
			runOnlyForDeploymentPostprocessing = 0;
		};
		6D51F15D28F076BC00CADC63 /* Sources */ = {
			isa = PBXSourcesBuildPhase;
			buildActionMask = 2147483647;
			files = (
				6D51F16828F076BC00CADC63 /* PopupAnimationUITestsLaunchTests.swift in Sources */,
				6D51F16628F076BC00CADC63 /* PopupAnimationUITests.swift in Sources */,
			);
			runOnlyForDeploymentPostprocessing = 0;
		};
/* End PBXSourcesBuildPhase section */

/* Begin PBXTargetDependency section */
		6D51F15928F076BC00CADC63 /* PBXTargetDependency */ = {
			isa = PBXTargetDependency;
			target = 6D51F14028F076BB00CADC63 /* PopupAnimation */;
			targetProxy = 6D51F15828F076BC00CADC63 /* PBXContainerItemProxy */;
		};
		6D51F16328F076BC00CADC63 /* PBXTargetDependency */ = {
			isa = PBXTargetDependency;
			target = 6D51F14028F076BB00CADC63 /* PopupAnimation */;
			targetProxy = 6D51F16228F076BC00CADC63 /* PBXContainerItemProxy */;
		};
/* End PBXTargetDependency section */

/* Begin PBXVariantGroup section */
		6D51F14A28F076BB00CADC63 /* Main.storyboard */ = {
			isa = PBXVariantGroup;
			children = (
				6D51F14B28F076BB00CADC63 /* Base */,
			);
			name = Main.storyboard;
			sourceTree = "<group>";
		};
		6D51F14F28F076BC00CADC63 /* LaunchScreen.storyboard */ = {
			isa = PBXVariantGroup;
			children = (
				6D51F15028F076BC00CADC63 /* Base */,
			);
			name = LaunchScreen.storyboard;
			sourceTree = "<group>";
		};
/* End PBXVariantGroup section */

/* Begin XCBuildConfiguration section */
		6D51F16928F076BC00CADC63 /* Debug */ = {
			isa = XCBuildConfiguration;
			buildSettings = {
				ALWAYS_SEARCH_USER_PATHS = NO;
				CLANG_ANALYZER_NONNULL = YES;
				CLANG_ANALYZER_NUMBER_OBJECT_CONVERSION = YES_AGGRESSIVE;
				CLANG_CXX_LANGUAGE_STANDARD = "gnu++20";
				CLANG_ENABLE_MODULES = YES;
				CLANG_ENABLE_OBJC_ARC = YES;
				CLANG_ENABLE_OBJC_WEAK = YES;
				CLANG_WARN_BLOCK_CAPTURE_AUTORELEASING = YES;
				CLANG_WARN_BOOL_CONVERSION = YES;
				CLANG_WARN_COMMA = YES;
				CLANG_WARN_CONSTANT_CONVERSION = YES;
				CLANG_WARN_DEPRECATED_OBJC_IMPLEMENTATIONS = YES;
				CLANG_WARN_DIRECT_OBJC_ISA_USAGE = YES_ERROR;
				CLANG_WARN_DOCUMENTATION_COMMENTS = YES;
				CLANG_WARN_EMPTY_BODY = YES;
				CLANG_WARN_ENUM_CONVERSION = YES;
				CLANG_WARN_INFINITE_RECURSION = YES;
				CLANG_WARN_INT_CONVERSION = YES;
				CLANG_WARN_NON_LITERAL_NULL_CONVERSION = YES;
				CLANG_WARN_OBJC_IMPLICIT_RETAIN_SELF = YES;
				CLANG_WARN_OBJC_LITERAL_CONVERSION = YES;
				CLANG_WARN_OBJC_ROOT_CLASS = YES_ERROR;
				CLANG_WARN_QUOTED_INCLUDE_IN_FRAMEWORK_HEADER = YES;
				CLANG_WARN_RANGE_LOOP_ANALYSIS = YES;
				CLANG_WARN_STRICT_PROTOTYPES = YES;
				CLANG_WARN_SUSPICIOUS_MOVE = YES;
				CLANG_WARN_UNGUARDED_AVAILABILITY = YES_AGGRESSIVE;
				CLANG_WARN_UNREACHABLE_CODE = YES;
				CLANG_WARN__DUPLICATE_METHOD_MATCH = YES;
				COPY_PHASE_STRIP = NO;
				DEBUG_INFORMATION_FORMAT = dwarf;
				ENABLE_STRICT_OBJC_MSGSEND = YES;
				ENABLE_TESTABILITY = YES;
				GCC_C_LANGUAGE_STANDARD = gnu11;
				GCC_DYNAMIC_NO_PIC = NO;
				GCC_NO_COMMON_BLOCKS = YES;
				GCC_OPTIMIZATION_LEVEL = 0;
				GCC_PREPROCESSOR_DEFINITIONS = (
					"DEBUG=1",
					"$(inherited)",
				);
				GCC_WARN_64_TO_32_BIT_CONVERSION = YES;
				GCC_WARN_ABOUT_RETURN_TYPE = YES_ERROR;
				GCC_WARN_UNDECLARED_SELECTOR = YES;
				GCC_WARN_UNINITIALIZED_AUTOS = YES_AGGRESSIVE;
				GCC_WARN_UNUSED_FUNCTION = YES;
				GCC_WARN_UNUSED_VARIABLE = YES;
				IPHONEOS_DEPLOYMENT_TARGET = 16.0;
				MTL_ENABLE_DEBUG_INFO = INCLUDE_SOURCE;
				MTL_FAST_MATH = YES;
				ONLY_ACTIVE_ARCH = YES;
				SDKROOT = iphoneos;
				SWIFT_ACTIVE_COMPILATION_CONDITIONS = DEBUG;
				SWIFT_OPTIMIZATION_LEVEL = "-Onone";
			};
			name = Debug;
		};
		6D51F16A28F076BC00CADC63 /* Release */ = {
			isa = XCBuildConfiguration;
			buildSettings = {
				ALWAYS_SEARCH_USER_PATHS = NO;
				CLANG_ANALYZER_NONNULL = YES;
				CLANG_ANALYZER_NUMBER_OBJECT_CONVERSION = YES_AGGRESSIVE;
				CLANG_CXX_LANGUAGE_STANDARD = "gnu++20";
				CLANG_ENABLE_MODULES = YES;
				CLANG_ENABLE_OBJC_ARC = YES;
				CLANG_ENABLE_OBJC_WEAK = YES;
				CLANG_WARN_BLOCK_CAPTURE_AUTORELEASING = YES;
				CLANG_WARN_BOOL_CONVERSION = YES;
				CLANG_WARN_COMMA = YES;
				CLANG_WARN_CONSTANT_CONVERSION = YES;
				CLANG_WARN_DEPRECATED_OBJC_IMPLEMENTATIONS = YES;
				CLANG_WARN_DIRECT_OBJC_ISA_USAGE = YES_ERROR;
				CLANG_WARN_DOCUMENTATION_COMMENTS = YES;
				CLANG_WARN_EMPTY_BODY = YES;
				CLANG_WARN_ENUM_CONVERSION = YES;
				CLANG_WARN_INFINITE_RECURSION = YES;
				CLANG_WARN_INT_CONVERSION = YES;
				CLANG_WARN_NON_LITERAL_NULL_CONVERSION = YES;
				CLANG_WARN_OBJC_IMPLICIT_RETAIN_SELF = YES;
				CLANG_WARN_OBJC_LITERAL_CONVERSION = YES;
				CLANG_WARN_OBJC_ROOT_CLASS = YES_ERROR;
				CLANG_WARN_QUOTED_INCLUDE_IN_FRAMEWORK_HEADER = YES;
				CLANG_WARN_RANGE_LOOP_ANALYSIS = YES;
				CLANG_WARN_STRICT_PROTOTYPES = YES;
				CLANG_WARN_SUSPICIOUS_MOVE = YES;
				CLANG_WARN_UNGUARDED_AVAILABILITY = YES_AGGRESSIVE;
				CLANG_WARN_UNREACHABLE_CODE = YES;
				CLANG_WARN__DUPLICATE_METHOD_MATCH = YES;
				COPY_PHASE_STRIP = NO;
				DEBUG_INFORMATION_FORMAT = "dwarf-with-dsym";
				ENABLE_NS_ASSERTIONS = NO;
				ENABLE_STRICT_OBJC_MSGSEND = YES;
				GCC_C_LANGUAGE_STANDARD = gnu11;
				GCC_NO_COMMON_BLOCKS = YES;
				GCC_WARN_64_TO_32_BIT_CONVERSION = YES;
				GCC_WARN_ABOUT_RETURN_TYPE = YES_ERROR;
				GCC_WARN_UNDECLARED_SELECTOR = YES;
				GCC_WARN_UNINITIALIZED_AUTOS = YES_AGGRESSIVE;
				GCC_WARN_UNUSED_FUNCTION = YES;
				GCC_WARN_UNUSED_VARIABLE = YES;
				IPHONEOS_DEPLOYMENT_TARGET = 16.0;
				MTL_ENABLE_DEBUG_INFO = NO;
				MTL_FAST_MATH = YES;
				SDKROOT = iphoneos;
				SWIFT_COMPILATION_MODE = wholemodule;
				SWIFT_OPTIMIZATION_LEVEL = "-O";
				VALIDATE_PRODUCT = YES;
			};
			name = Release;
		};
		6D51F16C28F076BC00CADC63 /* Debug */ = {
			isa = XCBuildConfiguration;
			buildSettings = {
				ASSETCATALOG_COMPILER_APPICON_NAME = AppIcon;
				ASSETCATALOG_COMPILER_GLOBAL_ACCENT_COLOR_NAME = AccentColor;
				CODE_SIGN_STYLE = Automatic;
				CURRENT_PROJECT_VERSION = 1;
				DEVELOPMENT_TEAM = 6HP428UD9G;
				GENERATE_INFOPLIST_FILE = YES;
				INFOPLIST_FILE = PopupAnimation/Info.plist;
				INFOPLIST_KEY_UIApplicationSupportsIndirectInputEvents = YES;
				INFOPLIST_KEY_UILaunchStoryboardName = LaunchScreen;
				INFOPLIST_KEY_UIMainStoryboardFile = Main;
				INFOPLIST_KEY_UISupportedInterfaceOrientations_iPad = "UIInterfaceOrientationPortrait UIInterfaceOrientationPortraitUpsideDown UIInterfaceOrientationLandscapeLeft UIInterfaceOrientationLandscapeRight";
				INFOPLIST_KEY_UISupportedInterfaceOrientations_iPhone = "UIInterfaceOrientationPortrait UIInterfaceOrientationLandscapeLeft UIInterfaceOrientationLandscapeRight";
				LD_RUNPATH_SEARCH_PATHS = (
					"$(inherited)",
					"@executable_path/Frameworks",
				);
				MARKETING_VERSION = 1.0;
				PRODUCT_BUNDLE_IDENTIFIER = com.akaakoz.PopupAnimation;
				PRODUCT_NAME = "$(TARGET_NAME)";
				SWIFT_EMIT_LOC_STRINGS = YES;
				SWIFT_VERSION = 5.0;
				TARGETED_DEVICE_FAMILY = "1,2";
			};
			name = Debug;
		};
		6D51F16D28F076BC00CADC63 /* Release */ = {
			isa = XCBuildConfiguration;
			buildSettings = {
				ASSETCATALOG_COMPILER_APPICON_NAME = AppIcon;
				ASSETCATALOG_COMPILER_GLOBAL_ACCENT_COLOR_NAME = AccentColor;
				CODE_SIGN_STYLE = Automatic;
				CURRENT_PROJECT_VERSION = 1;
				DEVELOPMENT_TEAM = 6HP428UD9G;
				GENERATE_INFOPLIST_FILE = YES;
				INFOPLIST_FILE = PopupAnimation/Info.plist;
				INFOPLIST_KEY_UIApplicationSupportsIndirectInputEvents = YES;
				INFOPLIST_KEY_UILaunchStoryboardName = LaunchScreen;
				INFOPLIST_KEY_UIMainStoryboardFile = Main;
				INFOPLIST_KEY_UISupportedInterfaceOrientations_iPad = "UIInterfaceOrientationPortrait UIInterfaceOrientationPortraitUpsideDown UIInterfaceOrientationLandscapeLeft UIInterfaceOrientationLandscapeRight";
				INFOPLIST_KEY_UISupportedInterfaceOrientations_iPhone = "UIInterfaceOrientationPortrait UIInterfaceOrientationLandscapeLeft UIInterfaceOrientationLandscapeRight";
				LD_RUNPATH_SEARCH_PATHS = (
					"$(inherited)",
					"@executable_path/Frameworks",
				);
				MARKETING_VERSION = 1.0;
				PRODUCT_BUNDLE_IDENTIFIER = com.akaakoz.PopupAnimation;
				PRODUCT_NAME = "$(TARGET_NAME)";
				SWIFT_EMIT_LOC_STRINGS = YES;
				SWIFT_VERSION = 5.0;
				TARGETED_DEVICE_FAMILY = "1,2";
			};
			name = Release;
		};
		6D51F16F28F076BC00CADC63 /* Debug */ = {
			isa = XCBuildConfiguration;
			buildSettings = {
				ALWAYS_EMBED_SWIFT_STANDARD_LIBRARIES = YES;
				BUNDLE_LOADER = "$(TEST_HOST)";
				CODE_SIGN_STYLE = Automatic;
				CURRENT_PROJECT_VERSION = 1;
				DEVELOPMENT_TEAM = 6HP428UD9G;
				GENERATE_INFOPLIST_FILE = YES;
				IPHONEOS_DEPLOYMENT_TARGET = 16.0;
				MARKETING_VERSION = 1.0;
				PRODUCT_BUNDLE_IDENTIFIER = com.akaakoz.PopupAnimationTests;
				PRODUCT_NAME = "$(TARGET_NAME)";
				SWIFT_EMIT_LOC_STRINGS = NO;
				SWIFT_VERSION = 5.0;
				TARGETED_DEVICE_FAMILY = "1,2";
				TEST_HOST = "$(BUILT_PRODUCTS_DIR)/PopupAnimation.app/$(BUNDLE_EXECUTABLE_FOLDER_PATH)/PopupAnimation";
			};
			name = Debug;
		};
		6D51F17028F076BC00CADC63 /* Release */ = {
			isa = XCBuildConfiguration;
			buildSettings = {
				ALWAYS_EMBED_SWIFT_STANDARD_LIBRARIES = YES;
				BUNDLE_LOADER = "$(TEST_HOST)";
				CODE_SIGN_STYLE = Automatic;
				CURRENT_PROJECT_VERSION = 1;
				DEVELOPMENT_TEAM = 6HP428UD9G;
				GENERATE_INFOPLIST_FILE = YES;
				IPHONEOS_DEPLOYMENT_TARGET = 16.0;
				MARKETING_VERSION = 1.0;
				PRODUCT_BUNDLE_IDENTIFIER = com.akaakoz.PopupAnimationTests;
				PRODUCT_NAME = "$(TARGET_NAME)";
				SWIFT_EMIT_LOC_STRINGS = NO;
				SWIFT_VERSION = 5.0;
				TARGETED_DEVICE_FAMILY = "1,2";
				TEST_HOST = "$(BUILT_PRODUCTS_DIR)/PopupAnimation.app/$(BUNDLE_EXECUTABLE_FOLDER_PATH)/PopupAnimation";
			};
			name = Release;
		};
		6D51F17228F076BC00CADC63 /* Debug */ = {
			isa = XCBuildConfiguration;
			buildSettings = {
				ALWAYS_EMBED_SWIFT_STANDARD_LIBRARIES = YES;
				CODE_SIGN_STYLE = Automatic;
				CURRENT_PROJECT_VERSION = 1;
				DEVELOPMENT_TEAM = 6HP428UD9G;
				GENERATE_INFOPLIST_FILE = YES;
				MARKETING_VERSION = 1.0;
				PRODUCT_BUNDLE_IDENTIFIER = com.akaakoz.PopupAnimationUITests;
				PRODUCT_NAME = "$(TARGET_NAME)";
				SWIFT_EMIT_LOC_STRINGS = NO;
				SWIFT_VERSION = 5.0;
				TARGETED_DEVICE_FAMILY = "1,2";
				TEST_TARGET_NAME = PopupAnimation;
			};
			name = Debug;
		};
		6D51F17328F076BC00CADC63 /* Release */ = {
			isa = XCBuildConfiguration;
			buildSettings = {
				ALWAYS_EMBED_SWIFT_STANDARD_LIBRARIES = YES;
				CODE_SIGN_STYLE = Automatic;
				CURRENT_PROJECT_VERSION = 1;
				DEVELOPMENT_TEAM = 6HP428UD9G;
				GENERATE_INFOPLIST_FILE = YES;
				MARKETING_VERSION = 1.0;
				PRODUCT_BUNDLE_IDENTIFIER = com.akaakoz.PopupAnimationUITests;
				PRODUCT_NAME = "$(TARGET_NAME)";
				SWIFT_EMIT_LOC_STRINGS = NO;
				SWIFT_VERSION = 5.0;
				TARGETED_DEVICE_FAMILY = "1,2";
				TEST_TARGET_NAME = PopupAnimation;
			};
			name = Release;
		};
/* End XCBuildConfiguration section */

/* Begin XCConfigurationList section */
		6D51F13C28F076BB00CADC63 /* Build configuration list for PBXProject "PopupAnimation" */ = {
			isa = XCConfigurationList;
			buildConfigurations = (
				6D51F16928F076BC00CADC63 /* Debug */,
				6D51F16A28F076BC00CADC63 /* Release */,
			);
			defaultConfigurationIsVisible = 0;
			defaultConfigurationName = Release;
		};
		6D51F16B28F076BC00CADC63 /* Build configuration list for PBXNativeTarget "PopupAnimation" */ = {
			isa = XCConfigurationList;
			buildConfigurations = (
				6D51F16C28F076BC00CADC63 /* Debug */,
				6D51F16D28F076BC00CADC63 /* Release */,
			);
			defaultConfigurationIsVisible = 0;
			defaultConfigurationName = Release;
		};
		6D51F16E28F076BC00CADC63 /* Build configuration list for PBXNativeTarget "PopupAnimationTests" */ = {
			isa = XCConfigurationList;
			buildConfigurations = (
				6D51F16F28F076BC00CADC63 /* Debug */,
				6D51F17028F076BC00CADC63 /* Release */,
			);
			defaultConfigurationIsVisible = 0;
			defaultConfigurationName = Release;
		};
		6D51F17128F076BC00CADC63 /* Build configuration list for PBXNativeTarget "PopupAnimationUITests" */ = {
			isa = XCConfigurationList;
			buildConfigurations = (
				6D51F17228F076BC00CADC63 /* Debug */,
				6D51F17328F076BC00CADC63 /* Release */,
			);
			defaultConfigurationIsVisible = 0;
			defaultConfigurationName = Release;
		};
/* End XCConfigurationList section */
	};
	rootObject = 6D51F13928F076BB00CADC63 /* Project object */;
}
